
Microsoft Visual Studio Solution File, Format Version 12.00
# Visual Studio Version 17
VisualStudioVersion = 17.0.31903.59
MinimumVisualStudioVersion = 10.0.40219.1
Project("{2150E333-8FDC-42A3-9474-1A3956D46DE8}") = "src", "src", "{827E0CD3-B72D-47B6-A68D-7590B98EB39B}"
EndProject
Project("{FAE04EC0-301F-11D3-BF4B-00C04F79EFBC}") = "HarLens.Core", "src\HarLens.Core\HarLens.Core.csproj", "{335C2ABE-6A56-4957-8864-669107AC41EE}"
EndProject
Project("{FAE04EC0-301F-11D3-BF4B-00C04F79EFBC}") = "HarLens.Net", "src\HarLens.Net\HarLens.Net.csproj", "{6CE721C8-5D2B-4744-BF0D-03CB53512753}"
EndProject
Project("{FAE04EC0-301F-11D3-BF4B-00C04F79EFBC}") = "HarLens.App", "src\HarLens.App\HarLens.App.csproj", "{60EB5A22-EC21-485F-B831-1079FEFBA8CF}"
EndProject
Project("{2150E333-8FDC-42A3-9474-1A3956D46DE8}") = "tests", "tests", "{0AB3BF05-4346-4AA6-1389-037BE0695223}"
EndProject
Project("{FAE04EC0-301F-11D3-BF4B-00C04F79EFBC}") = "HarLens.Core.Tests", "tests\HarLens.Core.Tests\HarLens.Core.Tests.csproj", "{B4F6E390-2A13-46F5-8A37-8483719CD7EF}"
EndProject
Project("{FAE04EC0-301F-11D3-BF4B-00C04F79EFBC}") = "HarLens.Net.Tests", "tests\HarLens.Net.Tests\HarLens.Net.Tests.csproj", "{239E03DD-03DB-49AC-A14C-8DA401B9A83E}"
EndProject
Project("{FAE04EC0-301F-11D3-BF4B-00C04F79EFBC}") = "HarLens.Isolation.Tests", "tests\HarLens.Isolation.Tests\HarLens.Isolation.Tests.csproj", "{B0C347C8-5A70-43FA-A412-9CFE04090FDD}"
EndProject
Project("{FAE04EC0-301F-11D3-BF4B-00C04F79EFBC}") = "HarLens.App.Tests", "tests\HarLens.App.Tests\HarLens.App.Tests.csproj", "{DAF00197-E226-4FBD-96A1-3FA51191DDB6}"
EndProject
Global
	GlobalSection(SolutionConfigurationPlatforms) = preSolution
		Debug|Any CPU = Debug|Any CPU
		Debug|x64 = Debug|x64
		Debug|x86 = Debug|x86
		Release|Any CPU = Release|Any CPU
		Release|x64 = Release|x64
		Release|x86 = Release|x86
	EndGlobalSection
	GlobalSection(ProjectConfigurationPlatforms) = postSolution
		{335C2ABE-6A56-4957-8864-669107AC41EE}.Debug|Any CPU.ActiveCfg = Debug|Any CPU
		{335C2ABE-6A56-4957-8864-669107AC41EE}.Debug|Any CPU.Build.0 = Debug|Any CPU
		{335C2ABE-6A56-4957-8864-669107AC41EE}.Debug|x64.ActiveCfg = Debug|Any CPU
		{335C2ABE-6A56-4957-8864-669107AC41EE}.Debug|x64.Build.0 = Debug|Any CPU
		{335C2ABE-6A56-4957-8864-669107AC41EE}.Debug|x86.ActiveCfg = Debug|Any CPU
		{335C2ABE-6A56-4957-8864-669107AC41EE}.Debug|x86.Build.0 = Debug|Any CPU
		{335C2ABE-6A56-4957-8864-669107AC41EE}.Release|Any CPU.ActiveCfg = Release|Any CPU
		{335C2ABE-6A56-4957-8864-669107AC41EE}.Release|Any CPU.Build.0 = Release|Any CPU
		{335C2ABE-6A56-4957-8864-669107AC41EE}.Release|x64.ActiveCfg = Release|Any CPU
		{335C2ABE-6A56-4957-8864-669107AC41EE}.Release|x64.Build.0 = Release|Any CPU
		{335C2ABE-6A56-4957-8864-669107AC41EE}.Release|x86.ActiveCfg = Release|Any CPU
		{335C2ABE-6A56-4957-8864-669107AC41EE}.Release|x86.Build.0 = Release|Any CPU
		{6CE721C8-5D2B-4744-BF0D-03CB53512753}.Debug|Any CPU.ActiveCfg = Debug|Any CPU
		{6CE721C8-5D2B-4744-BF0D-03CB53512753}.Debug|Any CPU.Build.0 = Debug|Any CPU
		{6CE721C8-5D2B-4744-BF0D-03CB53512753}.Debug|x64.ActiveCfg = Debug|Any CPU
		{6CE721C8-5D2B-4744-BF0D-03CB53512753}.Debug|x64.Build.0 = Debug|Any CPU
		{6CE721C8-5D2B-4744-BF0D-03CB53512753}.Debug|x86.ActiveCfg = Debug|Any CPU
		{6CE721C8-5D2B-4744-BF0D-03CB53512753}.Debug|x86.Build.0 = Debug|Any CPU
		{6CE721C8-5D2B-4744-BF0D-03CB53512753}.Release|Any CPU.ActiveCfg = Release|Any CPU
		{6CE721C8-5D2B-4744-BF0D-03CB53512753}.Release|Any CPU.Build.0 = Release|Any CPU
		{6CE721C8-5D2B-4744-BF0D-03CB53512753}.Release|x64.ActiveCfg = Release|Any CPU
		{6CE721C8-5D2B-4744-BF0D-03CB53512753}.Release|x64.Build.0 = Release|Any CPU
		{6CE721C8-5D2B-4744-BF0D-03CB53512753}.Release|x86.ActiveCfg = Release|Any CPU
		{6CE721C8-5D2B-4744-BF0D-03CB53512753}.Release|x86.Build.0 = Release|Any CPU
		{60EB5A22-EC21-485F-B831-1079FEFBA8CF}.Debug|Any CPU.ActiveCfg = Debug|Any CPU
		{60EB5A22-EC21-485F-B831-1079FEFBA8CF}.Debug|Any CPU.Build.0 = Debug|Any CPU
		{60EB5A22-EC21-485F-B831-1079FEFBA8CF}.Debug|x64.ActiveCfg = Debug|Any CPU
		{60EB5A22-EC21-485F-B831-1079FEFBA8CF}.Debug|x64.Build.0 = Debug|Any CPU
		{60EB5A22-EC21-485F-B831-1079FEFBA8CF}.Debug|x86.ActiveCfg = Debug|Any CPU
		{60EB5A22-EC21-485F-B831-1079FEFBA8CF}.Debug|x86.Build.0 = Debug|Any CPU
		{60EB5A22-EC21-485F-B831-1079FEFBA8CF}.Release|Any CPU.ActiveCfg = Release|Any CPU
		{60EB5A22-EC21-485F-B831-1079FEFBA8CF}.Release|Any CPU.Build.0 = Release|Any CPU
		{60EB5A22-EC21-485F-B831-1079FEFBA8CF}.Release|x64.ActiveCfg = Release|Any CPU
		{60EB5A22-EC21-485F-B831-1079FEFBA8CF}.Release|x64.Build.0 = Release|Any CPU
		{60EB5A22-EC21-485F-B831-1079FEFBA8CF}.Release|x86.ActiveCfg = Release|Any CPU
		{60EB5A22-EC21-485F-B831-1079FEFBA8CF}.Release|x86.Build.0 = Release|Any CPU
		{B4F6E390-2A13-46F5-8A37-8483719CD7EF}.Debug|Any CPU.ActiveCfg = Debug|Any CPU
		{B4F6E390-2A13-46F5-8A37-8483719CD7EF}.Debug|Any CPU.Build.0 = Debug|Any CPU
		{B4F6E390-2A13-46F5-8A37-8483719CD7EF}.Debug|x64.ActiveCfg = Debug|Any CPU
		{B4F6E390-2A13-46F5-8A37-8483719CD7EF}.Debug|x64.Build.0 = Debug|Any CPU
		{B4F6E390-2A13-46F5-8A37-8483719CD7EF}.Debug|x86.ActiveCfg = Debug|Any CPU
		{B4F6E390-2A13-46F5-8A37-8483719CD7EF}.Debug|x86.Build.0 = Debug|Any CPU
		{B4F6E390-2A13-46F5-8A37-8483719CD7EF}.Release|Any CPU.ActiveCfg = Release|Any CPU
		{B4F6E390-2A13-46F5-8A37-8483719CD7EF}.Release|Any CPU.Build.0 = Release|Any CPU
		{B4F6E390-2A13-46F5-8A37-8483719CD7EF}.Release|x64.ActiveCfg = Release|Any CPU
		{B4F6E390-2A13-46F5-8A37-8483719CD7EF}.Release|x64.Build.0 = Release|Any CPU
		{B4F6E390-2A13-46F5-8A37-8483719CD7EF}.Release|x86.ActiveCfg = Release|Any CPU
		{B4F6E390-2A13-46F5-8A37-8483719CD7EF}.Release|x86.Build.0 = Release|Any CPU
		{239E03DD-03DB-49AC-A14C-8DA401B9A83E}.Debug|Any CPU.ActiveCfg = Debug|Any CPU
		{239E03DD-03DB-49AC-A14C-8DA401B9A83E}.Debug|Any CPU.Build.0 = Debug|Any CPU
		{239E03DD-03DB-49AC-A14C-8DA401B9A83E}.Debug|x64.ActiveCfg = Debug|Any CPU
		{239E03DD-03DB-49AC-A14C-8DA401B9A83E}.Debug|x64.Build.0 = Debug|Any CPU
		{239E03DD-03DB-49AC-A14C-8DA401B9A83E}.Debug|x86.ActiveCfg = Debug|Any CPU
		{239E03DD-03DB-49AC-A14C-8DA401B9A83E}.Debug|x86.Build.0 = Debug|Any CPU
		{239E03DD-03DB-49AC-A14C-8DA401B9A83E}.Release|Any CPU.ActiveCfg = Release|Any CPU
		{239E03DD-03DB-49AC-A14C-8DA401B9A83E}.Release|Any CPU.Build.0 = Release|Any CPU
		{239E03DD-03DB-49AC-A14C-8DA401B9A83E}.Release|x64.ActiveCfg = Release|Any CPU
		{239E03DD-03DB-49AC-A14C-8DA401B9A83E}.Release|x64.Build.0 = Release|Any CPU
		{239E03DD-03DB-49AC-A14C-8DA401B9A83E}.Release|x86.ActiveCfg = Release|Any CPU
		{239E03DD-03DB-49AC-A14C-8DA401B9A83E}.Release|x86.Build.0 = Release|Any CPU
		{B0C347C8-5A70-43FA-A412-9CFE04090FDD}.Debug|Any CPU.ActiveCfg = Debug|Any CPU
		{B0C347C8-5A70-43FA-A412-9CFE04090FDD}.Debug|Any CPU.Build.0 = Debug|Any CPU
		{B0C347C8-5A70-43FA-A412-9CFE04090FDD}.Debug|x64.ActiveCfg = Debug|Any CPU
		{B0C347C8-5A70-43FA-A412-9CFE04090FDD}.Debug|x64.Build.0 = Debug|Any CPU
		{B0C347C8-5A70-43FA-A412-9CFE04090FDD}.Debug|x86.ActiveCfg = Debug|Any CPU
		{B0C347C8-5A70-43FA-A412-9CFE04090FDD}.Debug|x86.Build.0 = Debug|Any CPU
		{B0C347C8-5A70-43FA-A412-9CFE04090FDD}.Release|Any CPU.ActiveCfg = Release|Any CPU
		{B0C347C8-5A70-43FA-A412-9CFE04090FDD}.Release|Any CPU.Build.0 = Release|Any CPU
		{B0C347C8-5A70-43FA-A412-9CFE04090FDD}.Release|x64.ActiveCfg = Release|Any CPU
		{B0C347C8-5A70-43FA-A412-9CFE04090FDD}.Release|x64.Build.0 = Release|Any CPU
		{B0C347C8-5A70-43FA-A412-9CFE04090FDD}.Release|x86.ActiveCfg = Release|Any CPU
		{B0C347C8-5A70-43FA-A412-9CFE04090FDD}.Release|x86.Build.0 = Release|Any CPU
		{DAF00197-E226-4FBD-96A1-3FA51191DDB6}.Debug|Any CPU.ActiveCfg = Debug|Any CPU
		{DAF00197-E226-4FBD-96A1-3FA51191DDB6}.Debug|Any CPU.Build.0 = Debug|Any CPU
		{DAF00197-E226-4FBD-96A1-3FA51191DDB6}.Debug|x64.ActiveCfg = Debug|Any CPU
		{DAF00197-E226-4FBD-96A1-3FA51191DDB6}.Debug|x64.Build.0 = Debug|Any CPU
		{DAF00197-E226-4FBD-96A1-3FA51191DDB6}.Debug|x86.ActiveCfg = Debug|Any CPU
		{DAF00197-E226-4FBD-96A1-3FA51191DDB6}.Debug|x86.Build.0 = Debug|Any CPU
		{DAF00197-E226-4FBD-96A1-3FA51191DDB6}.Release|Any CPU.ActiveCfg = Release|Any CPU
		{DAF00197-E226-4FBD-96A1-3FA51191DDB6}.Release|Any CPU.Build.0 = Release|Any CPU
		{DAF00197-E226-4FBD-96A1-3FA51191DDB6}.Release|x64.ActiveCfg = Release|Any CPU
		{DAF00197-E226-4FBD-96A1-3FA51191DDB6}.Release|x64.Build.0 = Release|Any CPU
		{DAF00197-E226-4FBD-96A1-3FA51191DDB6}.Release|x86.ActiveCfg = Release|Any CPU
		{DAF00197-E226-4FBD-96A1-3FA51191DDB6}.Release|x86.Build.0 = Release|Any CPU
	EndGlobalSection
	GlobalSection(SolutionProperties) = preSolution
		HideSolutionNode = FALSE
	EndGlobalSection
	GlobalSection(NestedProjects) = preSolution
		{335C2ABE-6A56-4957-8864-669107AC41EE} = {827E0CD3-B72D-47B6-A68D-7590B98EB39B}
		{6CE721C8-5D2B-4744-BF0D-03CB53512753} = {827E0CD3-B72D-47B6-A68D-7590B98EB39B}
		{60EB5A22-EC21-485F-B831-1079FEFBA8CF} = {827E0CD3-B72D-47B6-A68D-7590B98EB39B}
		{B4F6E390-2A13-46F5-8A37-8483719CD7EF} = {0AB3BF05-4346-4AA6-1389-037BE0695223}
		{239E03DD-03DB-49AC-A14C-8DA401B9A83E} = {0AB3BF05-4346-4AA6-1389-037BE0695223}
		{B0C347C8-5A70-43FA-A412-9CFE04090FDD} = {0AB3BF05-4346-4AA6-1389-037BE0695223}
		{DAF00197-E226-4FBD-96A1-3FA51191DDB6} = {0AB3BF05-4346-4AA6-1389-037BE0695223}
	EndGlobalSection
EndGlobal
